
Microsoft Visual Studio Solution File, Format Version 12.00
# Visual Studio 14
VisualStudioVersion = 14.0.25420.1
MinimumVisualStudioVersion = 10.0.40219.1
Project("{FAE04EC0-301F-11D3-BF4B-00C04F79EFBC}") = "BST", "BST\BST.csproj", "{BBB2530A-7B18-428F-A3AE-94D0B2173B3F}"
EndProject
Project("{FAE04EC0-301F-11D3-BF4B-00C04F79EFBC}") = "LinkedList", "LinkedList\LinkedList.csproj", "{BDD33DDB-97A8-434A-AEBA-D48C4D01411D}"
EndProject
Project("{FAE04EC0-301F-11D3-BF4B-00C04F79EFBC}") = "StackQueue", "StackQueue\StackQueue.csproj", "{87578139-F910-40D5-8226-61DBA7EF655D}"
EndProject
Project("{FAE04EC0-301F-11D3-BF4B-00C04F79EFBC}") = "GeneralProgProblems", "GeneralProgProblems\GeneralProgProblems.csproj", "{AA5E6CBE-8AC5-447F-B650-5095A3E0ABCA}"
EndProject
Global
	GlobalSection(SolutionConfigurationPlatforms) = preSolution
		Debug|Any CPU = Debug|Any CPU
		Release|Any CPU = Release|Any CPU
	EndGlobalSection
	GlobalSection(ProjectConfigurationPlatforms) = postSolution
		{BBB2530A-7B18-428F-A3AE-94D0B2173B3F}.Debug|Any CPU.ActiveCfg = Debug|Any CPU
		{BBB2530A-7B18-428F-A3AE-94D0B2173B3F}.Debug|Any CPU.Build.0 = Debug|Any CPU
		{BBB2530A-7B18-428F-A3AE-94D0B2173B3F}.Release|Any CPU.ActiveCfg = Release|Any CPU
		{BBB2530A-7B18-428F-A3AE-94D0B2173B3F}.Release|Any CPU.Build.0 = Release|Any CPU
		{BDD33DDB-97A8-434A-AEBA-D48C4D01411D}.Debug|Any CPU.ActiveCfg = Debug|Any CPU
		{BDD33DDB-97A8-434A-AEBA-D48C4D01411D}.Debug|Any CPU.Build.0 = Debug|Any CPU
		{BDD33DDB-97A8-434A-AEBA-D48C4D01411D}.Release|Any CPU.ActiveCfg = Release|Any CPU
		{BDD33DDB-97A8-434A-AEBA-D48C4D01411D}.Release|Any CPU.Build.0 = Release|Any CPU
		{87578139-F910-40D5-8226-61DBA7EF655D}.Debug|Any CPU.ActiveCfg = Debug|Any CPU
		{87578139-F910-40D5-8226-61DBA7EF655D}.Debug|Any CPU.Build.0 = Debug|Any CPU
		{87578139-F910-40D5-8226-61DBA7EF655D}.Release|Any CPU.ActiveCfg = Release|Any CPU
		{87578139-F910-40D5-8226-61DBA7EF655D}.Release|Any CPU.Build.0 = Release|Any CPU
		{AA5E6CBE-8AC5-447F-B650-5095A3E0ABCA}.Debug|Any CPU.ActiveCfg = Debug|Any CPU
		{AA5E6CBE-8AC5-447F-B650-5095A3E0ABCA}.Debug|Any CPU.Build.0 = Debug|Any CPU
		{AA5E6CBE-8AC5-447F-B650-5095A3E0ABCA}.Release|Any CPU.ActiveCfg = Release|Any CPU
		{AA5E6CBE-8AC5-447F-B650-5095A3E0ABCA}.Release|Any CPU.Build.0 = Release|Any CPU
	EndGlobalSection
	GlobalSection(SolutionProperties) = preSolution
		HideSolutionNode = FALSE
	EndGlobalSection
EndGlobal
